
Microsoft Visual Studio Solution File, Format Version 12.00
# Visual Studio Version 17
VisualStudioVersion = 17.8.34601.278
MinimumVisualStudioVersion = 10.0.40219.1
Project("{FAE04EC0-301F-11D3-BF4B-00C04F79EFBC}") = "MongoDBPract", "MongoDBPract\MongoDBPract.csproj", "{FA1BA0AC-3031-4CF9-A87C-469B9F7DA656}"
EndProject
Global
	GlobalSection(SolutionConfigurationPlatforms) = preSolution
		Debug|Any CPU = Debug|Any CPU
		Release|Any CPU = Release|Any CPU
	EndGlobalSection
	GlobalSection(ProjectConfigurationPlatforms) = postSolution
		{FA1BA0AC-3031-4CF9-A87C-469B9F7DA656}.Debug|Any CPU.ActiveCfg = Debug|Any CPU
		{FA1BA0AC-3031-4CF9-A87C-469B9F7DA656}.Debug|Any CPU.Build.0 = Debug|Any CPU
		{FA1BA0AC-3031-4CF9-A87C-469B9F7DA656}.Release|Any CPU.ActiveCfg = Release|Any CPU
		{FA1BA0AC-3031-4CF9-A87C-469B9F7DA656}.Release|Any CPU.Build.0 = Release|Any CPU
	EndGlobalSection
	GlobalSection(SolutionProperties) = preSolution
		HideSolutionNode = FALSE
	EndGlobalSection
	GlobalSection(ExtensibilityGlobals) = postSolution
		SolutionGuid = {316D3250-6770-4AE2-8CA0-870C6FBA9B9E}
	EndGlobalSection
EndGlobal
